dependencies:
  rehype-document: 5.1.0
  rehype-katex: 4.0.0
  rehype-stringify: 8.0.0
  remark-math: 4.0.0
  remark-parse: 9.0.0
  remark-rehype: 8.0.0
  to-vfile: 6.1.0
  unified: 9.2.1
  vfile-reporter: 6.0.2
lockfileVersion: 5.2
packages:
  /@types/hast/2.3.1:
    dependencies:
      '@types/unist': 2.0.3
    dev: false
    resolution:
      integrity: sha512-viwwrB+6xGzw+G1eWpF9geV3fnsDgXqHG+cqgiHrvQfDUW5hzhCyV7Sy3UJxhfRFBsgky2SSW33qi/YrIkjX5Q==
  /@types/katex/0.11.0:
    dev: false
    resolution:
      integrity: sha512-27BfE8zASRLYfSBNMk5/+KIjr2CBBrH0i5lhsO04fca4TGirIIMay73v3zNkzqmsaeIa/Mi5kejWDcxPLAmkvA==
  /@types/mdast/3.0.3:
    dependencies:
      '@types/unist': 2.0.3
    dev: false
    resolution:
      integrity: sha512-SXPBMnFVQg1s00dlMCc/jCdvPqdE4mXaMMCeRlxLDmTAEoegHT53xKtkDnzDTOcmMHUfcjyf36/YYZ6SxRdnsw==
  /@types/parse5/5.0.3:
    dev: false
    resolution:
      integrity: sha512-kUNnecmtkunAoQ3CnjmMkzNU/gtxG8guhi+Fk2U/kOpIKjIMKnXGp4IJCgQJrXSgMsWYimYG4TGjz/UzbGEBTw==
  /@types/unist/2.0.3:
    dev: false
    resolution:
      integrity: sha512-FvUupuM3rlRsRtCN+fDudtmytGO6iHJuuRKS1Ss0pG5z8oX0diNEw94UEL7hgDbpN94rgaK5R7sWm6RrSkZuAQ==
  /ansi-regex/5.0.0:
    dev: false
    engines:
      node: '>=8'
    resolution:
      integrity: sha512-bY6fj56OUQ0hU1KjFNDQuJFezqKdrAyFdIevADiqrWHwSlbmBNMHp5ak2f40Pm8JTFyM2mqxkG6ngkHO11f/lg==
  /bail/1.0.5:
    dev: false
    resolution:
      integrity: sha512-xFbRxM1tahm08yHBP16MMjVUAvDaBMD38zsM9EMAUN61omwLmKlOpB/Zku5QkjZ8TZ4vn53pj+t518cH0S03RQ==
  /ccount/1.1.0:
    dev: false
    resolution:
      integrity: sha512-vlNK021QdI7PNeiUh/lKkC/mNHHfV0m/Ad5JoI0TYtlBnJAslM/JIkm/tGC88bkLIwO6OQ5uV6ztS6kVAtCDlg==
  /character-entities-html4/1.1.4:
    dev: false
    resolution:
      integrity: sha512-HRcDxZuZqMx3/a+qrzxdBKBPUpxWEq9xw2OPZ3a/174ihfrQKVsFhqtthBInFy1zZ9GgZyFXOatNujm8M+El3g==
  /character-entities-legacy/1.1.4:
    dev: false
    resolution:
      integrity: sha512-3Xnr+7ZFS1uxeiUDvV02wQ+QDbc55o97tIV5zHScSPJpcLm/r0DFPcoY3tYRp+VZukxuMeKgXYmsXQHO05zQeA==
  /character-entities/1.2.4:
    dev: false
    resolution:
      integrity: sha512-iBMyeEHxfVnIakwOuDXpVkc54HijNgCyQB2w0VfGQThle6NXn50zU6V/u+LDhxHcDUPojn6Kpga3PTAD8W1bQw==
  /character-reference-invalid/1.1.4:
    dev: false
    resolution:
      integrity: sha512-mKKUkUbhPpQlCOfIuZkvSEgktjPFIsZKRRbC6KWVEMvlzblj3i3asQv5ODsrwt0N3pHAEvjP8KTQPHkp0+6jOg==
  /comma-separated-tokens/1.0.8:
    dev: false
    resolution:
      integrity: sha512-GHuDRO12Sypu2cV70d1dkA2EUmXHgntrzbpvOB+Qy+49ypNfGgFQIC2fhhXbnyrJRynDCAARsT7Ou0M6hirpfw==
  /commander/2.20.3:
    dev: false
    resolution:
      integrity: sha512-GpVkmM8vF2vQUkj2LvZmD35JxeJOLCwJ9cUkugyk2nuhbv3+mJvpLYYt+0+USMxE+oj+ey/lJEnhZw75x/OMcQ==
  /debug/4.3.1:
    dependencies:
      ms: 2.1.2
    dev: false
    engines:
      node: '>=6.0'
    peerDependencies:
      supports-color: '*'
    peerDependenciesMeta:
      supports-color:
        optional: true
    resolution:
      integrity: sha512-doEwdvm4PCeK4K3RQN2ZC2BYUBaxwLARCqZmMjtF8a51J2Rb0xpVloFRnCODwqjpwnAoao4pelN8l3RJdv3gRQ==
  /doctype/2.0.4:
    dev: false
    resolution:
      integrity: sha512-F/jNGPmCYBIj+La+gUPRJLqc6Rt+XCaHipUtYdAQ4Tzz1kW01PpcyYmQT2Mhw7VjBriAsSjwRVa1IRiyOvWX1Q==
  /emoji-regex/8.0.0:
    dev: false
    resolution:
      integrity: sha512-MSjYzcWNOA0ewAHpz0MxpYFvwg6yjy1NG3xteoqz644VCo/RPgnr1/GGt+ic3iJTzQ8Eu3TdM14SawnVUmGE6A==
  /extend/3.0.2:
    dev: false
    resolution:
      integrity: sha512-fjquC59cD7CyW6urNXK0FBufkZcoiGG80wTuPujX590cB5Ttln20E2UB4S/WARVqhXffZl2LNgS+gQdPIIim/g==
  /has-flag/3.0.0:
    dev: false
    engines:
      node: '>=4'
    resolution:
      integrity: sha1-tdRU3CGZriJWmfNGfloH87lVuv0=
  /hast-util-from-parse5/6.0.1:
    dependencies:
      '@types/parse5': 5.0.3
      hastscript: 6.0.0
      property-information: 5.6.0
      vfile: 4.2.1
      vfile-location: 3.2.0
      web-namespaces: 1.1.4
    dev: false
    resolution:
      integrity: sha512-jeJUWiN5pSxW12Rh01smtVkZgZr33wBokLzKLwinYOUfSzm1Nl/c3GUGebDyOKjdsRgMvoVbV0VpAcpjF4NrJA==
  /hast-util-is-element/1.1.0:
    dev: false
    resolution:
      integrity: sha512-oUmNua0bFbdrD/ELDSSEadRVtWZOf3iF6Lbv81naqsIV99RnSCieTbWuWCY8BAeEfKJTKl0gRdokv+dELutHGQ==
  /hast-util-parse-selector/2.2.5:
    dev: false
    resolution:
      integrity: sha512-7j6mrk/qqkSehsM92wQjdIgWM2/BW61u/53G6xmC8i1OmEdKLHbk419QKQUjz6LglWsfqoiHmyMRkP1BGjecNQ==
  /hast-util-to-html/7.1.2:
    dependencies:
      ccount: 1.1.0
      comma-separated-tokens: 1.0.8
      hast-util-is-element: 1.1.0
      hast-util-whitespace: 1.0.4
      html-void-elements: 1.0.5
      property-information: 5.6.0
      space-separated-tokens: 1.1.5
      stringify-entities: 3.1.0
      unist-util-is: 4.1.0
      xtend: 4.0.2
    dev: false
    resolution:
      integrity: sha512-pu73bvORzdF6XZgwl9eID/0RjBb/jtRfoGRRSykpR1+o9rCdiAHpgkSukZsQBRlIqMg6ylAcd7F0F7myJUb09Q==
  /hast-util-to-text/2.0.1:
    dependencies:
      hast-util-is-element: 1.1.0
      repeat-string: 1.6.1
      unist-util-find-after: 3.0.0
    dev: false
    resolution:
      integrity: sha512-8nsgCARfs6VkwH2jJU9b8LNTuR4700na+0h3PqCaEk4MAnMDeu5P0tP8mjk9LLNGxIeQRLbiDbZVw6rku+pYsQ==
  /hast-util-whitespace/1.0.4:
    dev: false
    resolution:
      integrity: sha512-I5GTdSfhYfAPNztx2xJRQpG8cuDSNt599/7YUn7Gx/WxNMsG+a835k97TDkFgk123cwjfwINaZknkKkphx/f2A==
  /hastscript/5.1.2:
    dependencies:
      comma-separated-tokens: 1.0.8
      hast-util-parse-selector: 2.2.5
      property-information: 5.6.0
      space-separated-tokens: 1.1.5
    dev: false
    resolution:
      integrity: sha512-WlztFuK+Lrvi3EggsqOkQ52rKbxkXL3RwB6t5lwoa8QLMemoWfBuL43eDrwOamJyR7uKQKdmKYaBH1NZBiIRrQ==
  /hastscript/6.0.0:
    dependencies:
      '@types/hast': 2.3.1
      comma-separated-tokens: 1.0.8
      hast-util-parse-selector: 2.2.5
      property-information: 5.6.0
      space-separated-tokens: 1.1.5
    dev: false
    resolution:
      integrity: sha512-nDM6bvd7lIqDUiYEiu5Sl/+6ReP0BMk/2f4U/Rooccxkj0P5nm+acM5PrGJ/t5I8qPGiqZSE6hVAwZEdZIvP4w==
  /html-void-elements/1.0.5:
    dev: false
    resolution:
      integrity: sha512-uE/TxKuyNIcx44cIWnjr/rfIATDH7ZaOMmstu0CwhFG1Dunhlp4OC6/NMbhiwoq5BpW0ubi303qnEk/PZj614w==
  /is-alphabetical/1.0.4:
    dev: false
    resolution:
      integrity: sha512-DwzsA04LQ10FHTZuL0/grVDk4rFoVH1pjAToYwBrHSxcrBIGQuXrQMtD5U1b0U2XVgKZCTLLP8u2Qxqhy3l2Vg==
  /is-alphanumerical/1.0.4:
    dependencies:
      is-alphabetical: 1.0.4
      is-decimal: 1.0.4
    dev: false
    resolution:
      integrity: sha512-UzoZUr+XfVz3t3v4KyGEniVL9BDRoQtY7tOyrRybkVNjDFWyo1yhXNGrrBTQxp3ib9BLAWs7k2YKBQsFRkZG9A==
  /is-buffer/2.0.5:
    dev: false
    engines:
      node: '>=4'
    resolution:
      integrity: sha512-i2R6zNFDwgEHJyQUtJEk0XFi1i0dPFn/oqjK3/vPCcDeJvW5NQ83V8QbicfF1SupOaB0h8ntgBC2YiE7dfyctQ==
  /is-decimal/1.0.4:
    dev: false
    resolution:
      integrity: sha512-RGdriMmQQvZ2aqaQq3awNA6dCGtKpiDFcOzrTWrDAT2MiWrKQVPmxLGHl7Y2nNu6led0kEyoX0enY0qXYsv9zw==
  /is-fullwidth-code-point/3.0.0:
    dev: false
    engines:
      node: '>=8'
    resolution:
      integrity: sha512-zymm5+u+sCsSWyD9qNaejV3DFvhCKclKdizYaJUuHA83RLjb7nSuGnddCHGv0hk+KY7BMAlsWeK4Ueg6EV6XQg==
  /is-hexadecimal/1.0.4:
    dev: false
    resolution:
      integrity: sha512-gyPJuv83bHMpocVYoqof5VDiZveEoGoFL8m3BXNb2VW8Xs+rz9kqO8LOQ5DH6EsuvilT1ApazU0pyl+ytbPtlw==
  /is-plain-obj/2.1.0:
    dev: false
    engines:
      node: '>=8'
    resolution:
      integrity: sha512-YWnfyRwxL/+SsrWYfOpUtz5b3YD+nyfkHvjbcanzk8zgyO4ASD67uVMRt8k5bM4lLMDnXfriRhOpemw+NfT1eA==
  /katex/0.12.0:
    dependencies:
      commander: 2.20.3
    dev: false
    hasBin: true
    resolution:
      integrity: sha512-y+8btoc/CK70XqcHqjxiGWBOeIL8upbS0peTPXTvgrh21n1RiWWcIpSWM+4uXq+IAgNh9YYQWdc7LVDPDAEEAg==
  /longest-streak/2.0.4:
    dev: false
    resolution:
      integrity: sha512-vM6rUVCVUJJt33bnmHiZEvr7wPT78ztX7rojL+LW51bHtLh6HTjx84LA5W4+oa6aKEJA7jJu5LR6vQRBpA5DVg==
  /mdast-util-definitions/4.0.0:
    dependencies:
      unist-util-visit: 2.0.3
    dev: false
    resolution:
      integrity: sha512-k8AJ6aNnUkB7IE+5azR9h81O5EQ/cTDXtWdMq9Kk5KcEW/8ritU5CeLg/9HhOC++nALHBlaogJ5jz0Ybk3kPMQ==
  /mdast-util-from-markdown/0.8.5:
    dependencies:
      '@types/mdast': 3.0.3
      mdast-util-to-string: 2.0.0
      micromark: 2.11.4
      parse-entities: 2.0.0
      unist-util-stringify-position: 2.0.3
    dev: false
    resolution:
      integrity: sha512-2hkTXtYYnr+NubD/g6KGBS/0mFmBcifAsI0yIWRiRo0PjVs6SSOSOdtzbp6kSGnShDN6G5aWZpKQ2lWRy27mWQ==
  /mdast-util-math/0.1.2:
    dependencies:
      longest-streak: 2.0.4
      mdast-util-to-markdown: 0.6.5
      repeat-string: 1.6.1
    dev: false
    resolution:
      integrity: sha512-fogAitds+wH+QRas78Yr1TwmQGN4cW/G2WRw5ePuNoJbBSPJCxIOCE8MTzHgWHVSpgkRaPQTgfzXRE1CrwWSlg==
  /mdast-util-to-hast/10.2.0:
    dependencies:
      '@types/mdast': 3.0.3
      '@types/unist': 2.0.3
      mdast-util-definitions: 4.0.0
      mdurl: 1.0.1
      unist-builder: 2.0.3
      unist-util-generated: 1.1.6
      unist-util-position: 3.1.0
      unist-util-visit: 2.0.3
    dev: false
    resolution:
      integrity: sha512-JoPBfJ3gBnHZ18icCwHR50orC9kNH81tiR1gs01D8Q5YpV6adHNO9nKNuFBCJQ941/32PT1a63UF/DitmS3amQ==
  /mdast-util-to-markdown/0.6.5:
    dependencies:
      '@types/unist': 2.0.3
      longest-streak: 2.0.4
      mdast-util-to-string: 2.0.0
      parse-entities: 2.0.0
      repeat-string: 1.6.1
      zwitch: 1.0.5
    dev: false
    resolution:
      integrity: sha512-XeV9sDE7ZlOQvs45C9UKMtfTcctcaj/pGwH8YLbMHoMOXNNCn2LsqVQOqrF1+/NU8lKDAqozme9SCXWyo9oAcQ==
  /mdast-util-to-string/2.0.0:
    dev: false
    resolution:
      integrity: sha512-AW4DRS3QbBayY/jJmD8437V1Gombjf8RSOUCMFBuo5iHi58AGEgVCKQ+ezHkZZDpAQS75hcBMpLqjpJTjtUL7w==
  /mdurl/1.0.1:
    dev: false
    resolution:
      integrity: sha1-/oWy7HWlkDfyrf7BAP1sYBdhFS4=
  /micromark-extension-math/0.1.2:
    dependencies:
      katex: 0.12.0
      micromark: 2.11.4
    dev: false
    resolution:
      integrity: sha512-ZJXsT2eVPM8VTmcw0CPSDeyonOn9SziGK3Z+nkf9Vb6xMPeU+4JMEnO6vzDL10562Favw8Vste74f54rxJ/i6Q==
  /micromark/2.11.4:
    dependencies:
      debug: 4.3.1
      parse-entities: 2.0.0
    dev: false
    resolution:
      integrity: sha512-+WoovN/ppKolQOFIAajxi7Lu9kInbPxFuTBVEavFcL8eAfVstoc5MocPmqBeAdBOJV00uaVjegzH4+MA0DN/uA==
  /ms/2.1.2:
    dev: false
    resolution:
      integrity: sha512-sGkPx+VjMtmA6MX27oA4FBFELFCZZ4S4XqeGOXCv68tT+jb3vk/RyaKWP0PTKyWtmLSM0b+adUTEvbs1PEaH2w==
  /parse-entities/2.0.0:
    dependencies:
      character-entities: 1.2.4
      character-entities-legacy: 1.1.4
      character-reference-invalid: 1.1.4
      is-alphanumerical: 1.0.4
      is-decimal: 1.0.4
      is-hexadecimal: 1.0.4
    dev: false
    resolution:
      integrity: sha512-kkywGpCcRYhqQIchaWqZ875wzpS/bMKhz5HnN3p7wveJTkTtyAB/AlnS0f8DFSqYW1T82t6yEAkEcB+A1I3MbQ==
  /parse5/6.0.1:
    dev: false
    resolution:
      integrity: sha512-Ofn/CTFzRGTTxwpNEs9PP93gXShHcTq255nzRYSKe8AkVpZY7e1fpmTfOyoIvjP5HG7Z2ZM7VS9PPhQGW2pOpw==
  /property-information/5.6.0:
    dependencies:
      xtend: 4.0.2
    dev: false
    resolution:
      integrity: sha512-YUHSPk+A30YPv+0Qf8i9Mbfe/C0hdPXk1s1jPVToV8pk8BQtpw10ct89Eo7OWkutrwqvT0eicAxlOg3dOAu8JA==
  /rehype-document/5.1.0:
    dependencies:
      '@types/hast': 2.3.1
      doctype: 2.0.4
      hastscript: 5.1.2
      unist-builder: 2.0.3
    dev: false
    resolution:
      integrity: sha512-jzCri2++yTYechC3bOL58dNxDagosXkKf7aB7gylHPz38AIdlhqKrF1MH++o/KD530o91ruKx6qlfuuQD1etgg==
  /rehype-katex/4.0.0:
    dependencies:
      '@types/katex': 0.11.0
      hast-util-to-text: 2.0.1
      katex: 0.12.0
      rehype-parse: 7.0.1
      unified: 9.2.1
      unist-util-visit: 2.0.3
    dev: false
    resolution:
      integrity: sha512-0mgBqYugQyIW0eUl6RDOZ28Cat2YzrnWGaYgKCMQnJw6ClmKgLqXBnkDAPGh2mwxvkkKwQOUMUpSLpA5rt7rzA==
  /rehype-parse/7.0.1:
    dependencies:
      hast-util-from-parse5: 6.0.1
      parse5: 6.0.1
    dev: false
    resolution:
      integrity: sha512-fOiR9a9xH+Le19i4fGzIEowAbwG7idy2Jzs4mOrFWBSJ0sNUgy0ev871dwWnbOo371SjgjG4pwzrbgSVrKxecw==
  /rehype-stringify/8.0.0:
    dependencies:
      hast-util-to-html: 7.1.2
    dev: false
    resolution:
      integrity: sha512-VkIs18G0pj2xklyllrPSvdShAV36Ff3yE5PUO9u36f6+2qJFnn22Z5gKwBOwgXviux4UC7K+/j13AnZfPICi/g==
  /remark-math/4.0.0:
    dependencies:
      mdast-util-math: 0.1.2
      micromark-extension-math: 0.1.2
    dev: false
    resolution:
      integrity: sha512-lH7SoQenXtQrvL0bm+mjZbvOk//YWNuyR+MxV18Qyv8rgFmMEGNuB0TSCQDkoDaiJ40FCnG8lxErc/zhcedYbw==
  /remark-parse/9.0.0:
    dependencies:
      mdast-util-from-markdown: 0.8.5
    dev: false
    resolution:
      integrity: sha512-geKatMwSzEXKHuzBNU1z676sGcDcFoChMK38TgdHJNAYfFtsfHDQG7MoJAjs6sgYMqyLduCYWDIWZIxiPeafEw==
  /remark-rehype/8.0.0:
    dependencies:
      mdast-util-to-hast: 10.2.0
    dev: false
    resolution:
      integrity: sha512-gVvOH02TMFqXOWoL6iXU7NXMsDJguNkNuMrzfkQeA4V6WCyHQnOKptn+IQBVVPuIH2sMJBwo8hlrmtn1MLTh9w==
  /repeat-string/1.6.1:
    dev: false
    engines:
      node: '>=0.10'
    resolution:
      integrity: sha1-jcrkcOHIirwtYA//Sndihtp15jc=
  /space-separated-tokens/1.1.5:
    dev: false
    resolution:
      integrity: sha512-q/JSVd1Lptzhf5bkYm4ob4iWPjx0KiRe3sRFBNrVqbJkFaBm5vbbowy1mymoPNLRa52+oadOhJ+K49wsSeSjTA==
  /string-width/4.2.2:
    dependencies:
      emoji-regex: 8.0.0
      is-fullwidth-code-point: 3.0.0
      strip-ansi: 6.0.0
    dev: false
    engines:
      node: '>=8'
    resolution:
      integrity: sha512-XBJbT3N4JhVumXE0eoLU9DCjcaF92KLNqTmFCnG1pf8duUxFGwtP6AD6nkjw9a3IdiRtL3E2w3JDiE/xi3vOeA==
  /stringify-entities/3.1.0:
    dependencies:
      character-entities-html4: 1.1.4
      character-entities-legacy: 1.1.4
      xtend: 4.0.2
    dev: false
    resolution:
      integrity: sha512-3FP+jGMmMV/ffZs86MoghGqAoqXAdxLrJP4GUdrDN1aIScYih5tuIO3eF4To5AJZ79KDZ8Fpdy7QJnK8SsL1Vg==
  /strip-ansi/6.0.0:
    dependencies:
      ansi-regex: 5.0.0
    dev: false
    engines:
      node: '>=8'
    resolution:
      integrity: sha512-AuvKTrTfQNYNIctbR1K/YGTR1756GycPsg7b9bdV9Duqur4gv6aKqHXah67Z8ImS7WEz5QVcOtlfW2rZEugt6w==
  /supports-color/6.1.0:
    dependencies:
      has-flag: 3.0.0
    dev: false
    engines:
      node: '>=6'
    resolution:
      integrity: sha512-qe1jfm1Mg7Nq/NSh6XE24gPXROEVsWHxC1LIx//XNlD9iw7YZQGjZNjYN7xGaEG6iKdA8EtNFW6R0gjnVXp+wQ==
  /to-vfile/6.1.0:
    dependencies:
      is-buffer: 2.0.5
      vfile: 4.2.1
    dev: false
    resolution:
      integrity: sha512-BxX8EkCxOAZe+D/ToHdDsJcVI4HqQfmw0tCkp31zf3dNP/XWIAjU4CmeuSwsSoOzOTqHPOL0KUzyZqJplkD0Qw==
  /trough/1.0.5:
    dev: false
    resolution:
      integrity: sha512-rvuRbTarPXmMb79SmzEp8aqXNKcK+y0XaB298IXueQ8I2PsrATcPBCSPyK/dDNa2iWOhKlfNnOjdAOTBU/nkFA==
  /unified/9.2.1:
    dependencies:
      bail: 1.0.5
      extend: 3.0.2
      is-buffer: 2.0.5
      is-plain-obj: 2.1.0
      trough: 1.0.5
      vfile: 4.2.1
    dev: false
    resolution:
      integrity: sha512-juWjuI8Z4xFg8pJbnEZ41b5xjGUWGHqXALmBZ3FC3WX0PIx1CZBIIJ6mXbYMcf6Yw4Fi0rFUTA1cdz/BglbOhA==
  /unist-builder/2.0.3:
    dev: false
    resolution:
      integrity: sha512-f98yt5pnlMWlzP539tPc4grGMsFaQQlP/vM396b00jngsiINumNmsY8rkXjfoi1c6QaM8nQ3vaGDuoKWbe/1Uw==
  /unist-util-find-after/3.0.0:
    dependencies:
      unist-util-is: 4.1.0
    dev: false
    resolution:
      integrity: sha512-ojlBqfsBftYXExNu3+hHLfJQ/X1jYY/9vdm4yZWjIbf0VuWF6CRufci1ZyoD/wV2TYMKxXUoNuoqwy+CkgzAiQ==
  /unist-util-generated/1.1.6:
    dev: false
    resolution:
      integrity: sha512-cln2Mm1/CZzN5ttGK7vkoGw+RZ8VcUH6BtGbq98DDtRGquAAOXig1mrBQYelOwMXYS8rK+vZDyyojSjp7JX+Lg==
  /unist-util-is/4.1.0:
    dev: false
    resolution:
      integrity: sha512-ZOQSsnce92GrxSqlnEEseX0gi7GH9zTJZ0p9dtu87WRb/37mMPO2Ilx1s/t9vBHrFhbgweUwb+t7cIn5dxPhZg==
  /unist-util-position/3.1.0:
    dev: false
    resolution:
      integrity: sha512-w+PkwCbYSFw8vpgWD0v7zRCl1FpY3fjDSQ3/N/wNd9Ffa4gPi8+4keqt99N3XW6F99t/mUzp2xAhNmfKWp95QA==
  /unist-util-stringify-position/2.0.3:
    dependencies:
      '@types/unist': 2.0.3
    dev: false
    resolution:
      integrity: sha512-3faScn5I+hy9VleOq/qNbAd6pAx7iH5jYBMS9I1HgQVijz/4mv5Bvw5iw1sC/90CODiKo81G/ps8AJrISn687g==
  /unist-util-visit-parents/3.1.1:
    dependencies:
      '@types/unist': 2.0.3
      unist-util-is: 4.1.0
    dev: false
    resolution:
      integrity: sha512-1KROIZWo6bcMrZEwiH2UrXDyalAa0uqzWCxCJj6lPOvTve2WkfgCytoDTPaMnodXh1WrXOq0haVYHj99ynJlsg==
  /unist-util-visit/2.0.3:
    dependencies:
      '@types/unist': 2.0.3
      unist-util-is: 4.1.0
      unist-util-visit-parents: 3.1.1
    dev: false
    resolution:
      integrity: sha512-iJ4/RczbJMkD0712mGktuGpm/U4By4FfDonL7N/9tATGIF4imikjOuagyMY53tnZq3NP6BcmlrHhEKAfGWjh7Q==
  /vfile-location/3.2.0:
    dev: false
    resolution:
      integrity: sha512-aLEIZKv/oxuCDZ8lkJGhuhztf/BW4M+iHdCwglA/eWc+vtuRFJj8EtgceYFX4LRjOhCAAiNHsKGssC6onJ+jbA==
  /vfile-message/2.0.4:
    dependencies:
      '@types/unist': 2.0.3
      unist-util-stringify-position: 2.0.3
    dev: false
    resolution:
      integrity: sha512-DjssxRGkMvifUOJre00juHoP9DPWuzjxKuMDrhNbk2TdaYYBNMStsNhEOt3idrtI12VQYM/1+iM0KOzXi4pxwQ==
  /vfile-reporter/6.0.2:
    dependencies:
      repeat-string: 1.6.1
      string-width: 4.2.2
      supports-color: 6.1.0
      unist-util-stringify-position: 2.0.3
      vfile-sort: 2.2.2
      vfile-statistics: 1.1.4
    dev: false
    resolution:
      integrity: sha512-GN2bH2gs4eLnw/4jPSgfBjo+XCuvnX9elHICJZjVD4+NM0nsUrMTvdjGY5Sc/XG69XVTgLwj7hknQVc6M9FukA==
  /vfile-sort/2.2.2:
    dev: false
    resolution:
      integrity: sha512-tAyUqD2R1l/7Rn7ixdGkhXLD3zsg+XLAeUDUhXearjfIcpL1Hcsj5hHpCoy/gvfK/Ws61+e972fm0F7up7hfYA==
  /vfile-statistics/1.1.4:
    dev: false
    resolution:
      integrity: sha512-lXhElVO0Rq3frgPvFBwahmed3X03vjPF8OcjKMy8+F1xU/3Q3QU3tKEDp743SFtb74PdF0UWpxPvtOP0GCLheA==
  /vfile/4.2.1:
    dependencies:
      '@types/unist': 2.0.3
      is-buffer: 2.0.5
      unist-util-stringify-position: 2.0.3
      vfile-message: 2.0.4
    dev: false
    resolution:
      integrity: sha512-O6AE4OskCG5S1emQ/4gl8zK586RqA3srz3nfK/Viy0UPToBc5Trp9BVFb1u0CjsKrAWwnpr4ifM/KBXPWwJbCA==
  /web-namespaces/1.1.4:
    dev: false
    resolution:
      integrity: sha512-wYxSGajtmoP4WxfejAPIr4l0fVh+jeMXZb08wNc0tMg6xsfZXj3cECqIK0G7ZAqUq0PP8WlMDtaOGVBTAWztNw==
  /xtend/4.0.2:
    dev: false
    engines:
      node: '>=0.4'
    resolution:
      integrity: sha512-LKYU1iAXJXUgAXn9URjiu+MWhyUXHsvfp7mcuYm9dSUKK0/CjtrUwFAxD82/mCWbtLsGjFIad0wIsod4zrTAEQ==
  /zwitch/1.0.5:
    dev: false
    resolution:
      integrity: sha512-V50KMwwzqJV0NpZIZFwfOD5/lyny3WlSzRiXgA0G7VUnRlqttta1L6UQIHzd6EuBY/cHGfwTIck7w1yH6Q5zUw==
specifiers:
  rehype-document: ^5.1.0
  rehype-katex: ^4.0.0
  rehype-stringify: ^8.0.0
  remark-math: ^4.0.0
  remark-parse: ^9.0.0
  remark-rehype: ^8.0.0
  to-vfile: ^6.1.0
  unified: ^9.2.1
  vfile-reporter: ^6.0.2
